
Microsoft Visual Studio Solution File, Format Version 12.00
# Visual Studio 15
VisualStudioVersion = 15.0.28307.1259
MinimumVisualStudioVersion = 10.0.40219.1
Project("{FAE04EC0-301F-11D3-BF4B-00C04F79EFBC}") = "DeleteAnnotation", "DeleteAnnotation\DeleteAnnotation.csproj", "{B10E2A54-64D8-4D06-99BD-0297F2121AEA}"
EndProject
Global
	GlobalSection(SolutionConfigurationPlatforms) = preSolution
		Debug|Any CPU = Debug|Any CPU
		Release|Any CPU = Release|Any CPU
	EndGlobalSection
	GlobalSection(ProjectConfigurationPlatforms) = postSolution
		{B10E2A54-64D8-4D06-99BD-0297F2121AEA}.Debug|Any CPU.ActiveCfg = Debug|Any CPU
		{B10E2A54-64D8-4D06-99BD-0297F2121AEA}.Debug|Any CPU.Build.0 = Debug|Any CPU
		{B10E2A54-64D8-4D06-99BD-0297F2121AEA}.Release|Any CPU.ActiveCfg = Release|Any CPU
		{B10E2A54-64D8-4D06-99BD-0297F2121AEA}.Release|Any CPU.Build.0 = Release|Any CPU
	EndGlobalSection
	GlobalSection(SolutionProperties) = preSolution
		HideSolutionNode = FALSE
	EndGlobalSection
	GlobalSection(ExtensibilityGlobals) = postSolution
		SolutionGuid = {A369990D-809D-4C04-9D37-29BF020AD15B}
	EndGlobalSection
EndGlobal
